
Microsoft Visual Studio Solution File, Format Version 12.00
# Visual Studio 2017
Project("{FAE04EC0-301F-11D3-BF4B-00C04F79EFBC}") = "Dont_Die_CardDungeon", "Dont_Die_CardDungeon.csproj", "{28BBD743-E6BA-3DC7-866A-3AC0FFBCC00B}"
EndProject
Global
	GlobalSection(SolutionConfigurationPlatforms) = preSolution
		Debug|Any CPU = Debug|Any CPU
		Release|Any CPU = Release|Any CPU
	EndGlobalSection
	GlobalSection(ProjectConfigurationPlatforms) = postSolution
		{28BBD743-E6BA-3DC7-866A-3AC0FFBCC00B}.Debug|Any CPU.ActiveCfg = Debug|Any CPU
		{28BBD743-E6BA-3DC7-866A-3AC0FFBCC00B}.Debug|Any CPU.Build.0 = Debug|Any CPU
		{28BBD743-E6BA-3DC7-866A-3AC0FFBCC00B}.Release|Any CPU.ActiveCfg = Release|Any CPU
		{28BBD743-E6BA-3DC7-866A-3AC0FFBCC00B}.Release|Any CPU.Build.0 = Release|Any CPU
	EndGlobalSection
	GlobalSection(SolutionProperties) = preSolution
		HideSolutionNode = FALSE
	EndGlobalSection
EndGlobal
