
Microsoft Visual Studio Solution File, Format Version 12.00
# Visual Studio 2017
Project("{FAE04EC0-301F-11D3-BF4B-00C04F79EFBC}") = "Dont_Die_CardDungeon", "Dont_Die_CardDungeon.csproj", "{28BBD743-E6BA-3DC7-866A-3AC0FFBCC00B}"
EndProject
Project("{FAE04EC0-301F-11D3-BF4B-00C04F79EFBC}") = "Dont_Die_CardDungeon.Plugins", "Dont_Die_CardDungeon.Plugins.csproj", "{6DCD376A-E8D9-7340-A336-686E0A810FC8}"
EndProject
Project("{FAE04EC0-301F-11D3-BF4B-00C04F79EFBC}") = "Dont_Die_CardDungeon.Editor.Plugins", "Dont_Die_CardDungeon.Editor.Plugins.csproj", "{64D4D48F-DF03-5AC9-AF6E-A01F754C25B6}"
EndProject
Global
	GlobalSection(SolutionConfigurationPlatforms) = preSolution
		Debug|Any CPU = Debug|Any CPU
		Release|Any CPU = Release|Any CPU
	EndGlobalSection
	GlobalSection(ProjectConfigurationPlatforms) = postSolution
		{28BBD743-E6BA-3DC7-866A-3AC0FFBCC00B}.Debug|Any CPU.ActiveCfg = Debug|Any CPU
		{28BBD743-E6BA-3DC7-866A-3AC0FFBCC00B}.Debug|Any CPU.Build.0 = Debug|Any CPU
		{28BBD743-E6BA-3DC7-866A-3AC0FFBCC00B}.Release|Any CPU.ActiveCfg = Release|Any CPU
		{28BBD743-E6BA-3DC7-866A-3AC0FFBCC00B}.Release|Any CPU.Build.0 = Release|Any CPU
		{6DCD376A-E8D9-7340-A336-686E0A810FC8}.Debug|Any CPU.ActiveCfg = Debug|Any CPU
		{6DCD376A-E8D9-7340-A336-686E0A810FC8}.Debug|Any CPU.Build.0 = Debug|Any CPU
		{6DCD376A-E8D9-7340-A336-686E0A810FC8}.Release|Any CPU.ActiveCfg = Release|Any CPU
		{6DCD376A-E8D9-7340-A336-686E0A810FC8}.Release|Any CPU.Build.0 = Release|Any CPU
		{64D4D48F-DF03-5AC9-AF6E-A01F754C25B6}.Debug|Any CPU.ActiveCfg = Debug|Any CPU
		{64D4D48F-DF03-5AC9-AF6E-A01F754C25B6}.Debug|Any CPU.Build.0 = Debug|Any CPU
		{64D4D48F-DF03-5AC9-AF6E-A01F754C25B6}.Release|Any CPU.ActiveCfg = Release|Any CPU
		{64D4D48F-DF03-5AC9-AF6E-A01F754C25B6}.Release|Any CPU.Build.0 = Release|Any CPU
	EndGlobalSection
	GlobalSection(SolutionProperties) = preSolution
		HideSolutionNode = FALSE
	EndGlobalSection
EndGlobal
