
Microsoft Visual Studio Solution File, Format Version 11.00
# Visual Studio 2010
Project("{FAE04EC0-301F-11D3-BF4B-00C04F79EFBC}") = "Dont_Die_CardDungeon", "Assembly-CSharp.csproj", "{742521B5-150A-D1DA-0B25-7C83F28BCB94}"
EndProject
Project("{FAE04EC0-301F-11D3-BF4B-00C04F79EFBC}") = "Dont_Die_CardDungeon", "Assembly-CSharp-firstpass.csproj", "{EB7D8D0C-FFCD-B5E9-A8D3-03F0AC7B66A0}"
EndProject
Project("{FAE04EC0-301F-11D3-BF4B-00C04F79EFBC}") = "Dont_Die_CardDungeon", "Assembly-CSharp-Editor-firstpass.csproj", "{7AF332AD-4ECB-F56D-CDD5-4FD2F4AADA81}"
EndProject
Global
	GlobalSection(SolutionConfigurationPlatforms) = preSolution
		Debug|Any CPU = Debug|Any CPU
		Release|Any CPU = Release|Any CPU
	EndGlobalSection
	GlobalSection(ProjectConfigurationPlatforms) = postSolution
		{742521B5-150A-D1DA-0B25-7C83F28BCB94}.Debug|Any CPU.ActiveCfg = Debug|Any CPU
		{742521B5-150A-D1DA-0B25-7C83F28BCB94}.Debug|Any CPU.Build.0 = Debug|Any CPU
		{742521B5-150A-D1DA-0B25-7C83F28BCB94}.Release|Any CPU.ActiveCfg = Release|Any CPU
		{742521B5-150A-D1DA-0B25-7C83F28BCB94}.Release|Any CPU.Build.0 = Release|Any CPU
		{EB7D8D0C-FFCD-B5E9-A8D3-03F0AC7B66A0}.Debug|Any CPU.ActiveCfg = Debug|Any CPU
		{EB7D8D0C-FFCD-B5E9-A8D3-03F0AC7B66A0}.Debug|Any CPU.Build.0 = Debug|Any CPU
		{EB7D8D0C-FFCD-B5E9-A8D3-03F0AC7B66A0}.Release|Any CPU.ActiveCfg = Release|Any CPU
		{EB7D8D0C-FFCD-B5E9-A8D3-03F0AC7B66A0}.Release|Any CPU.Build.0 = Release|Any CPU
		{7AF332AD-4ECB-F56D-CDD5-4FD2F4AADA81}.Debug|Any CPU.ActiveCfg = Debug|Any CPU
		{7AF332AD-4ECB-F56D-CDD5-4FD2F4AADA81}.Debug|Any CPU.Build.0 = Debug|Any CPU
		{7AF332AD-4ECB-F56D-CDD5-4FD2F4AADA81}.Release|Any CPU.ActiveCfg = Release|Any CPU
		{7AF332AD-4ECB-F56D-CDD5-4FD2F4AADA81}.Release|Any CPU.Build.0 = Release|Any CPU
	EndGlobalSection
	GlobalSection(SolutionProperties) = preSolution
		HideSolutionNode = FALSE
	EndGlobalSection
	GlobalSection(MonoDevelopProperties) = preSolution
		StartupItem = Assembly-CSharp.csproj
	EndGlobalSection
EndGlobal
